
Microsoft Visual Studio Solution File, Format Version 11.00
# Visual Studio 2010
Project("{FAE04EC0-301F-11D3-BF4B-00C04F79EFBC}") = "EntLib5.Logging", "EntLib5.Logging\EntLib5.Logging.csproj", "{3FB70A58-375C-4DA2-B881-B9545F1BB059}"
EndProject
Project("{FAE04EC0-301F-11D3-BF4B-00C04F79EFBC}") = "Study.Linq", "Study.Linq\Study.Linq.csproj", "{62EA7075-F5CE-4DB6-A389-81627B702E5E}"
EndProject
Project("{FAE04EC0-301F-11D3-BF4B-00C04F79EFBC}") = "Study.CodeGenerator", "Study.CodeGenerator\Study.CodeGenerator.csproj", "{A75917F4-2BA2-4039-BB67-22C09CE7E2A3}"
EndProject
Project("{FAE04EC0-301F-11D3-BF4B-00C04F79EFBC}") = "Study.WebServices", "Study.WebServices\Study.WebServices.csproj", "{B06B603C-2974-4ACF-BC73-ED50A09ED48F}"
EndProject
Project("{FAE04EC0-301F-11D3-BF4B-00C04F79EFBC}") = "Learning.AngularJS", "Learning.AngularJS\Learning.AngularJS.csproj", "{2B5BC7C9-7CE9-49A1-BA29-640364CA9C99}"
EndProject
Project("{FAE04EC0-301F-11D3-BF4B-00C04F79EFBC}") = "Learning.EF6", "Learning.EF6\Learning.EF6.csproj", "{A396546B-2EF3-40DD-80BB-9C965CBB9217}"
EndProject
Project("{FAE04EC0-301F-11D3-BF4B-00C04F79EFBC}") = "_Local.ConsoleApp", "_Local.ConsoleApp\_Local.ConsoleApp.csproj", "{8B16A3DB-B13D-4ECB-962B-07DA2B64DD77}"
EndProject
Project("{FAE04EC0-301F-11D3-BF4B-00C04F79EFBC}") = "Learning.Redis", "Learning.Redis\Learning.Redis.csproj", "{A731164A-2E0B-48F2-8CE0-3533953A8703}"
EndProject
Project("{FAE04EC0-301F-11D3-BF4B-00C04F79EFBC}") = "Simple.Data", "Simple.Data\Simple.Data.csproj", "{77494084-AF7C-4739-8ADD-16067B0070AF}"
EndProject
Project("{FAE04EC0-301F-11D3-BF4B-00C04F79EFBC}") = "Simple.Data.Oracle", "Simple.Data.Oracle\Simple.Data.Oracle.csproj", "{A721CB6B-B282-426B-AEFC-C9F039B3E056}"
EndProject
Project("{2150E333-8FDC-42A3-9474-1A3956D46DE8}") = "Learning", "Learning", "{DD9B1A59-103F-4A29-9159-B6222BA9AF01}"
EndProject
Project("{2150E333-8FDC-42A3-9474-1A3956D46DE8}") = "Simple Project", "Simple Project", "{EF205EF5-BF53-4CFB-A3A9-53FB1344620B}"
EndProject
Project("{2150E333-8FDC-42A3-9474-1A3956D46DE8}") = "Demos", "Demos", "{6DEB71E1-074C-47F3-B317-BC0580676691}"
EndProject
Project("{FAE04EC0-301F-11D3-BF4B-00C04F79EFBC}") = "Simple.Common", "Simple.Common\Simple.Common.csproj", "{85F1DD2F-01D0-4B93-95AC-F2368B9D7B41}"
EndProject
Project("{FAE04EC0-301F-11D3-BF4B-00C04F79EFBC}") = "Simple.Common.Test", "Simple.Common.Test\Simple.Common.Test.csproj", "{243E1DA2-3B58-4723-B600-8A64A00F63EF}"
EndProject
Global
	GlobalSection(SolutionConfigurationPlatforms) = preSolution
		Debug|Any CPU = Debug|Any CPU
		Debug|Mixed Platforms = Debug|Mixed Platforms
		Debug|x86 = Debug|x86
		Release|Any CPU = Release|Any CPU
		Release|Mixed Platforms = Release|Mixed Platforms
		Release|x86 = Release|x86
	EndGlobalSection
	GlobalSection(ProjectConfigurationPlatforms) = postSolution
		{3FB70A58-375C-4DA2-B881-B9545F1BB059}.Debug|Any CPU.ActiveCfg = Debug|x86
		{3FB70A58-375C-4DA2-B881-B9545F1BB059}.Debug|Mixed Platforms.ActiveCfg = Debug|x86
		{3FB70A58-375C-4DA2-B881-B9545F1BB059}.Debug|Mixed Platforms.Build.0 = Debug|x86
		{3FB70A58-375C-4DA2-B881-B9545F1BB059}.Debug|x86.ActiveCfg = Debug|x86
		{3FB70A58-375C-4DA2-B881-B9545F1BB059}.Debug|x86.Build.0 = Debug|x86
		{3FB70A58-375C-4DA2-B881-B9545F1BB059}.Release|Any CPU.ActiveCfg = Release|x86
		{3FB70A58-375C-4DA2-B881-B9545F1BB059}.Release|Mixed Platforms.ActiveCfg = Release|x86
		{3FB70A58-375C-4DA2-B881-B9545F1BB059}.Release|Mixed Platforms.Build.0 = Release|x86
		{3FB70A58-375C-4DA2-B881-B9545F1BB059}.Release|x86.ActiveCfg = Release|x86
		{3FB70A58-375C-4DA2-B881-B9545F1BB059}.Release|x86.Build.0 = Release|x86
		{62EA7075-F5CE-4DB6-A389-81627B702E5E}.Debug|Any CPU.ActiveCfg = Debug|x86
		{62EA7075-F5CE-4DB6-A389-81627B702E5E}.Debug|Mixed Platforms.ActiveCfg = Debug|x86
		{62EA7075-F5CE-4DB6-A389-81627B702E5E}.Debug|Mixed Platforms.Build.0 = Debug|x86
		{62EA7075-F5CE-4DB6-A389-81627B702E5E}.Debug|x86.ActiveCfg = Debug|x86
		{62EA7075-F5CE-4DB6-A389-81627B702E5E}.Debug|x86.Build.0 = Debug|x86
		{62EA7075-F5CE-4DB6-A389-81627B702E5E}.Release|Any CPU.ActiveCfg = Release|x86
		{62EA7075-F5CE-4DB6-A389-81627B702E5E}.Release|Mixed Platforms.ActiveCfg = Release|x86
		{62EA7075-F5CE-4DB6-A389-81627B702E5E}.Release|Mixed Platforms.Build.0 = Release|x86
		{62EA7075-F5CE-4DB6-A389-81627B702E5E}.Release|x86.ActiveCfg = Release|x86
		{62EA7075-F5CE-4DB6-A389-81627B702E5E}.Release|x86.Build.0 = Release|x86
		{A75917F4-2BA2-4039-BB67-22C09CE7E2A3}.Debug|Any CPU.ActiveCfg = Debug|x86
		{A75917F4-2BA2-4039-BB67-22C09CE7E2A3}.Debug|Mixed Platforms.ActiveCfg = Debug|x86
		{A75917F4-2BA2-4039-BB67-22C09CE7E2A3}.Debug|Mixed Platforms.Build.0 = Debug|x86
		{A75917F4-2BA2-4039-BB67-22C09CE7E2A3}.Debug|x86.ActiveCfg = Debug|x86
		{A75917F4-2BA2-4039-BB67-22C09CE7E2A3}.Debug|x86.Build.0 = Debug|x86
		{A75917F4-2BA2-4039-BB67-22C09CE7E2A3}.Release|Any CPU.ActiveCfg = Release|x86
		{A75917F4-2BA2-4039-BB67-22C09CE7E2A3}.Release|Mixed Platforms.ActiveCfg = Release|x86
		{A75917F4-2BA2-4039-BB67-22C09CE7E2A3}.Release|Mixed Platforms.Build.0 = Release|x86
		{A75917F4-2BA2-4039-BB67-22C09CE7E2A3}.Release|x86.ActiveCfg = Release|x86
		{A75917F4-2BA2-4039-BB67-22C09CE7E2A3}.Release|x86.Build.0 = Release|x86
		{B06B603C-2974-4ACF-BC73-ED50A09ED48F}.Debug|Any CPU.ActiveCfg = Debug|Any CPU
		{B06B603C-2974-4ACF-BC73-ED50A09ED48F}.Debug|Any CPU.Build.0 = Debug|Any CPU
		{B06B603C-2974-4ACF-BC73-ED50A09ED48F}.Debug|Mixed Platforms.ActiveCfg = Debug|Any CPU
		{B06B603C-2974-4ACF-BC73-ED50A09ED48F}.Debug|Mixed Platforms.Build.0 = Debug|Any CPU
		{B06B603C-2974-4ACF-BC73-ED50A09ED48F}.Debug|x86.ActiveCfg = Debug|Any CPU
		{B06B603C-2974-4ACF-BC73-ED50A09ED48F}.Release|Any CPU.ActiveCfg = Release|Any CPU
		{B06B603C-2974-4ACF-BC73-ED50A09ED48F}.Release|Any CPU.Build.0 = Release|Any CPU
		{B06B603C-2974-4ACF-BC73-ED50A09ED48F}.Release|Mixed Platforms.ActiveCfg = Release|Any CPU
		{B06B603C-2974-4ACF-BC73-ED50A09ED48F}.Release|Mixed Platforms.Build.0 = Release|Any CPU
		{B06B603C-2974-4ACF-BC73-ED50A09ED48F}.Release|x86.ActiveCfg = Release|Any CPU
		{2B5BC7C9-7CE9-49A1-BA29-640364CA9C99}.Debug|Any CPU.ActiveCfg = Debug|Any CPU
		{2B5BC7C9-7CE9-49A1-BA29-640364CA9C99}.Debug|Any CPU.Build.0 = Debug|Any CPU
		{2B5BC7C9-7CE9-49A1-BA29-640364CA9C99}.Debug|Mixed Platforms.ActiveCfg = Debug|Any CPU
		{2B5BC7C9-7CE9-49A1-BA29-640364CA9C99}.Debug|Mixed Platforms.Build.0 = Debug|Any CPU
		{2B5BC7C9-7CE9-49A1-BA29-640364CA9C99}.Debug|x86.ActiveCfg = Debug|Any CPU
		{2B5BC7C9-7CE9-49A1-BA29-640364CA9C99}.Release|Any CPU.ActiveCfg = Release|Any CPU
		{2B5BC7C9-7CE9-49A1-BA29-640364CA9C99}.Release|Any CPU.Build.0 = Release|Any CPU
		{2B5BC7C9-7CE9-49A1-BA29-640364CA9C99}.Release|Mixed Platforms.ActiveCfg = Release|Any CPU
		{2B5BC7C9-7CE9-49A1-BA29-640364CA9C99}.Release|Mixed Platforms.Build.0 = Release|Any CPU
		{2B5BC7C9-7CE9-49A1-BA29-640364CA9C99}.Release|x86.ActiveCfg = Release|Any CPU
		{A396546B-2EF3-40DD-80BB-9C965CBB9217}.Debug|Any CPU.ActiveCfg = Debug|x86
		{A396546B-2EF3-40DD-80BB-9C965CBB9217}.Debug|Mixed Platforms.ActiveCfg = Debug|x86
		{A396546B-2EF3-40DD-80BB-9C965CBB9217}.Debug|Mixed Platforms.Build.0 = Debug|x86
		{A396546B-2EF3-40DD-80BB-9C965CBB9217}.Debug|x86.ActiveCfg = Debug|x86
		{A396546B-2EF3-40DD-80BB-9C965CBB9217}.Debug|x86.Build.0 = Debug|x86
		{A396546B-2EF3-40DD-80BB-9C965CBB9217}.Release|Any CPU.ActiveCfg = Release|x86
		{A396546B-2EF3-40DD-80BB-9C965CBB9217}.Release|Mixed Platforms.ActiveCfg = Release|x86
		{A396546B-2EF3-40DD-80BB-9C965CBB9217}.Release|Mixed Platforms.Build.0 = Release|x86
		{A396546B-2EF3-40DD-80BB-9C965CBB9217}.Release|x86.ActiveCfg = Release|x86
		{A396546B-2EF3-40DD-80BB-9C965CBB9217}.Release|x86.Build.0 = Release|x86
		{8B16A3DB-B13D-4ECB-962B-07DA2B64DD77}.Debug|Any CPU.ActiveCfg = Debug|x86
		{8B16A3DB-B13D-4ECB-962B-07DA2B64DD77}.Debug|Mixed Platforms.ActiveCfg = Debug|x86
		{8B16A3DB-B13D-4ECB-962B-07DA2B64DD77}.Debug|Mixed Platforms.Build.0 = Debug|x86
		{8B16A3DB-B13D-4ECB-962B-07DA2B64DD77}.Debug|x86.ActiveCfg = Debug|x86
		{8B16A3DB-B13D-4ECB-962B-07DA2B64DD77}.Debug|x86.Build.0 = Debug|x86
		{8B16A3DB-B13D-4ECB-962B-07DA2B64DD77}.Release|Any CPU.ActiveCfg = Release|x86
		{8B16A3DB-B13D-4ECB-962B-07DA2B64DD77}.Release|Mixed Platforms.ActiveCfg = Release|x86
		{8B16A3DB-B13D-4ECB-962B-07DA2B64DD77}.Release|Mixed Platforms.Build.0 = Release|x86
		{8B16A3DB-B13D-4ECB-962B-07DA2B64DD77}.Release|x86.ActiveCfg = Release|x86
		{8B16A3DB-B13D-4ECB-962B-07DA2B64DD77}.Release|x86.Build.0 = Release|x86
		{A731164A-2E0B-48F2-8CE0-3533953A8703}.Debug|Any CPU.ActiveCfg = Debug|x86
		{A731164A-2E0B-48F2-8CE0-3533953A8703}.Debug|Mixed Platforms.ActiveCfg = Debug|x86
		{A731164A-2E0B-48F2-8CE0-3533953A8703}.Debug|Mixed Platforms.Build.0 = Debug|x86
		{A731164A-2E0B-48F2-8CE0-3533953A8703}.Debug|x86.ActiveCfg = Debug|x86
		{A731164A-2E0B-48F2-8CE0-3533953A8703}.Debug|x86.Build.0 = Debug|x86
		{A731164A-2E0B-48F2-8CE0-3533953A8703}.Release|Any CPU.ActiveCfg = Release|x86
		{A731164A-2E0B-48F2-8CE0-3533953A8703}.Release|Mixed Platforms.ActiveCfg = Release|x86
		{A731164A-2E0B-48F2-8CE0-3533953A8703}.Release|Mixed Platforms.Build.0 = Release|x86
		{A731164A-2E0B-48F2-8CE0-3533953A8703}.Release|x86.ActiveCfg = Release|x86
		{A731164A-2E0B-48F2-8CE0-3533953A8703}.Release|x86.Build.0 = Release|x86
		{77494084-AF7C-4739-8ADD-16067B0070AF}.Debug|Any CPU.ActiveCfg = Debug|Any CPU
		{77494084-AF7C-4739-8ADD-16067B0070AF}.Debug|Any CPU.Build.0 = Debug|Any CPU
		{77494084-AF7C-4739-8ADD-16067B0070AF}.Debug|Mixed Platforms.ActiveCfg = Debug|Any CPU
		{77494084-AF7C-4739-8ADD-16067B0070AF}.Debug|Mixed Platforms.Build.0 = Debug|Any CPU
		{77494084-AF7C-4739-8ADD-16067B0070AF}.Debug|x86.ActiveCfg = Debug|Any CPU
		{77494084-AF7C-4739-8ADD-16067B0070AF}.Release|Any CPU.ActiveCfg = Release|Any CPU
		{77494084-AF7C-4739-8ADD-16067B0070AF}.Release|Any CPU.Build.0 = Release|Any CPU
		{77494084-AF7C-4739-8ADD-16067B0070AF}.Release|Mixed Platforms.ActiveCfg = Release|Any CPU
		{77494084-AF7C-4739-8ADD-16067B0070AF}.Release|Mixed Platforms.Build.0 = Release|Any CPU
		{77494084-AF7C-4739-8ADD-16067B0070AF}.Release|x86.ActiveCfg = Release|Any CPU
		{A721CB6B-B282-426B-AEFC-C9F039B3E056}.Debug|Any CPU.ActiveCfg = Debug|x86
		{A721CB6B-B282-426B-AEFC-C9F039B3E056}.Debug|Mixed Platforms.ActiveCfg = Debug|x86
		{A721CB6B-B282-426B-AEFC-C9F039B3E056}.Debug|Mixed Platforms.Build.0 = Debug|x86
		{A721CB6B-B282-426B-AEFC-C9F039B3E056}.Debug|x86.ActiveCfg = Debug|x86
		{A721CB6B-B282-426B-AEFC-C9F039B3E056}.Debug|x86.Build.0 = Debug|x86
		{A721CB6B-B282-426B-AEFC-C9F039B3E056}.Release|Any CPU.ActiveCfg = Release|x86
		{A721CB6B-B282-426B-AEFC-C9F039B3E056}.Release|Mixed Platforms.ActiveCfg = Release|x86
		{A721CB6B-B282-426B-AEFC-C9F039B3E056}.Release|Mixed Platforms.Build.0 = Release|x86
		{A721CB6B-B282-426B-AEFC-C9F039B3E056}.Release|x86.ActiveCfg = Release|x86
		{A721CB6B-B282-426B-AEFC-C9F039B3E056}.Release|x86.Build.0 = Release|x86
		{85F1DD2F-01D0-4B93-95AC-F2368B9D7B41}.Debug|Any CPU.ActiveCfg = Debug|Any CPU
		{85F1DD2F-01D0-4B93-95AC-F2368B9D7B41}.Debug|Any CPU.Build.0 = Debug|Any CPU
		{85F1DD2F-01D0-4B93-95AC-F2368B9D7B41}.Debug|Mixed Platforms.ActiveCfg = Debug|Any CPU
		{85F1DD2F-01D0-4B93-95AC-F2368B9D7B41}.Debug|Mixed Platforms.Build.0 = Debug|Any CPU
		{85F1DD2F-01D0-4B93-95AC-F2368B9D7B41}.Debug|x86.ActiveCfg = Debug|Any CPU
		{85F1DD2F-01D0-4B93-95AC-F2368B9D7B41}.Release|Any CPU.ActiveCfg = Release|Any CPU
		{85F1DD2F-01D0-4B93-95AC-F2368B9D7B41}.Release|Any CPU.Build.0 = Release|Any CPU
		{85F1DD2F-01D0-4B93-95AC-F2368B9D7B41}.Release|Mixed Platforms.ActiveCfg = Release|Any CPU
		{85F1DD2F-01D0-4B93-95AC-F2368B9D7B41}.Release|Mixed Platforms.Build.0 = Release|Any CPU
		{85F1DD2F-01D0-4B93-95AC-F2368B9D7B41}.Release|x86.ActiveCfg = Release|Any CPU
		{243E1DA2-3B58-4723-B600-8A64A00F63EF}.Debug|Any CPU.ActiveCfg = Debug|x86
		{243E1DA2-3B58-4723-B600-8A64A00F63EF}.Debug|Mixed Platforms.ActiveCfg = Debug|x86
		{243E1DA2-3B58-4723-B600-8A64A00F63EF}.Debug|Mixed Platforms.Build.0 = Debug|x86
		{243E1DA2-3B58-4723-B600-8A64A00F63EF}.Debug|x86.ActiveCfg = Debug|x86
		{243E1DA2-3B58-4723-B600-8A64A00F63EF}.Debug|x86.Build.0 = Debug|x86
		{243E1DA2-3B58-4723-B600-8A64A00F63EF}.Release|Any CPU.ActiveCfg = Release|x86
		{243E1DA2-3B58-4723-B600-8A64A00F63EF}.Release|Mixed Platforms.ActiveCfg = Release|x86
		{243E1DA2-3B58-4723-B600-8A64A00F63EF}.Release|Mixed Platforms.Build.0 = Release|x86
		{243E1DA2-3B58-4723-B600-8A64A00F63EF}.Release|x86.ActiveCfg = Release|x86
		{243E1DA2-3B58-4723-B600-8A64A00F63EF}.Release|x86.Build.0 = Release|x86
	EndGlobalSection
	GlobalSection(SolutionProperties) = preSolution
		HideSolutionNode = FALSE
	EndGlobalSection
	GlobalSection(NestedProjects) = preSolution
		{2B5BC7C9-7CE9-49A1-BA29-640364CA9C99} = {DD9B1A59-103F-4A29-9159-B6222BA9AF01}
		{A731164A-2E0B-48F2-8CE0-3533953A8703} = {DD9B1A59-103F-4A29-9159-B6222BA9AF01}
		{A396546B-2EF3-40DD-80BB-9C965CBB9217} = {DD9B1A59-103F-4A29-9159-B6222BA9AF01}
		{3FB70A58-375C-4DA2-B881-B9545F1BB059} = {EF205EF5-BF53-4CFB-A3A9-53FB1344620B}
		{A721CB6B-B282-426B-AEFC-C9F039B3E056} = {EF205EF5-BF53-4CFB-A3A9-53FB1344620B}
		{77494084-AF7C-4739-8ADD-16067B0070AF} = {EF205EF5-BF53-4CFB-A3A9-53FB1344620B}
		{A75917F4-2BA2-4039-BB67-22C09CE7E2A3} = {EF205EF5-BF53-4CFB-A3A9-53FB1344620B}
		{85F1DD2F-01D0-4B93-95AC-F2368B9D7B41} = {EF205EF5-BF53-4CFB-A3A9-53FB1344620B}
		{243E1DA2-3B58-4723-B600-8A64A00F63EF} = {EF205EF5-BF53-4CFB-A3A9-53FB1344620B}
		{62EA7075-F5CE-4DB6-A389-81627B702E5E} = {6DEB71E1-074C-47F3-B317-BC0580676691}
		{B06B603C-2974-4ACF-BC73-ED50A09ED48F} = {6DEB71E1-074C-47F3-B317-BC0580676691}
	EndGlobalSection
	GlobalSection(ExtensibilityGlobals) = postSolution
		EnterpriseLibraryConfigurationToolBinariesPath = packages\Unity.2.1.505.0\lib\NET35;packages\Unity.Interception.2.1.505.0\lib\NET35;packages\EnterpriseLibrary.Common.5.0.505.0\lib\NET35;packages\EnterpriseLibrary.Logging.5.0.505.1\lib\NET35;packages\EnterpriseLibrary.Data.5.0.505.0\lib\NET35;packages\EnterpriseLibrary.Logging.Database.5.0.505.0\lib\NET35
	EndGlobalSection
EndGlobal
