Microsoft Visual Studio Solution File, Format Version 12.00
# Visual Studio Version 17
VisualStudioVersion = 17.5.2.0
MinimumVisualStudioVersion = 10.0.40219.1
Project("{FAE04EC0-301F-11D3-BF4B-00C04F79EFBC}") = "Study.Chat.Ollama", "Study.Chat.Ollama.csproj", "{971069CA-B8F4-945C-EA32-E7421360465A}"
EndProject
Global
	GlobalSection(SolutionConfigurationPlatforms) = preSolution
		Debug|Any CPU = Debug|Any CPU
		Release|Any CPU = Release|Any CPU
	EndGlobalSection
	GlobalSection(ProjectConfigurationPlatforms) = postSolution
		{971069CA-B8F4-945C-EA32-E7421360465A}.Debug|Any CPU.ActiveCfg = Debug|Any CPU
		{971069CA-B8F4-945C-EA32-E7421360465A}.Debug|Any CPU.Build.0 = Debug|Any CPU
		{971069CA-B8F4-945C-EA32-E7421360465A}.Release|Any CPU.ActiveCfg = Release|Any CPU
		{971069CA-B8F4-945C-EA32-E7421360465A}.Release|Any CPU.Build.0 = Release|Any CPU
	EndGlobalSection
	GlobalSection(SolutionProperties) = preSolution
		HideSolutionNode = FALSE
	EndGlobalSection
	GlobalSection(ExtensibilityGlobals) = postSolution
		SolutionGuid = {F8715B8A-2C4E-4F4E-89BA-7E36B634E918}
	EndGlobalSection
EndGlobal
